
Microsoft Visual Studio Solution File, Format Version 12.00
# Visual Studio 15
VisualStudioVersion = 15.0.27004.2005
MinimumVisualStudioVersion = 10.0.40219.1
Project("{9A19103F-16F7-4668-BE54-9A1E7A4F7556}") = "ConnectQl", "ConnectQl\ConnectQl.csproj", "{7A245E0E-267D-4115-9A4B-A08C651AFEA5}"
EndProject
Project("{2150E333-8FDC-42A3-9474-1A3956D46DE8}") = "ConnectQl Solution Items", "ConnectQl Solution Items", "{DD93BAB1-431A-42E3-9285-F0C44CC78783}"
	ProjectSection(SolutionItems) = preProject
		..\.gitignore = ..\.gitignore
		..\appveyor.yml = ..\appveyor.yml
		..\codecov.yml = ..\codecov.yml
		..\ConnectQl.png = ..\ConnectQl.png
		..\ps\GetChangesSinceLastBuild.ps1 = ..\ps\GetChangesSinceLastBuild.ps1
		..\tools\runcoverage.bat = ..\tools\runcoverage.bat
		..\tools\runtests.bat = ..\tools\runtests.bat
		..\ps\UpdatePackageReferences.ps1 = ..\ps\UpdatePackageReferences.ps1
	EndProjectSection
EndProject
Project("{9A19103F-16F7-4668-BE54-9A1E7A4F7556}") = "ConnectQl.Tests", "ConnectQl.Tests\ConnectQl.Tests.csproj", "{37172183-EE9C-41E6-B165-BE9DFB8FEBF6}"
EndProject
Project("{2150E333-8FDC-42A3-9474-1A3956D46DE8}") = "Plugins", "Plugins", "{99F0D03C-293D-466B-A4AA-A6586ED7CE49}"
EndProject
Project("{9A19103F-16F7-4668-BE54-9A1E7A4F7556}") = "ConnectQl.Azure", "ConnectQl.Azure\ConnectQl.Azure.csproj", "{1D2A0D73-7FF7-4213-8B26-42E858371BAA}"
EndProject
Project("{9A19103F-16F7-4668-BE54-9A1E7A4F7556}") = "ConnectQl.Platform", "ConnectQl.Platform\ConnectQl.Platform.csproj", "{980B8259-20F0-402D-893B-2EB4B17C69DF}"
EndProject
Project("{9A19103F-16F7-4668-BE54-9A1E7A4F7556}") = "ConnectQl.Excel", "ConnectQl.Excel\ConnectQl.Excel.csproj", "{7EE7037D-0E96-48A9-90F2-6D4F6105E59E}"
EndProject
Project("{9A19103F-16F7-4668-BE54-9A1E7A4F7556}") = "ConnectQl.Utilities", "ConnectQl.Utilities\ConnectQl.Utilities.csproj", "{9015CDFA-88B2-4746-B190-229528AC5645}"
EndProject
Project("{2150E333-8FDC-42A3-9474-1A3956D46DE8}") = "Shared", "Shared", "{FD0DC86B-D190-4632-BCB8-749437D7B48C}"
EndProject
Project("{2150E333-8FDC-42A3-9474-1A3956D46DE8}") = "Tests", "Tests", "{9886DE0E-C3F7-46E6-A335-A56C95AAE0E9}"
EndProject
Project("{2150E333-8FDC-42A3-9474-1A3956D46DE8}") = "Library", "Library", "{7F768DA1-C780-4AEC-9E7B-451AED1901FD}"
EndProject
Project("{9A19103F-16F7-4668-BE54-9A1E7A4F7556}") = "ConnectQl.Utilities.Tests", "ConnectQl.Utilities.Tests\ConnectQl.Utilities.Tests.csproj", "{20D52E81-07C1-4B10-96D0-1C95171DFEC0}"
EndProject
Project("{2150E333-8FDC-42A3-9474-1A3956D46DE8}") = "Vsix", "Vsix", "{A475CC76-E742-4CC6-9CBB-4BAD5492C064}"
EndProject
Project("{9A19103F-16F7-4668-BE54-9A1E7A4F7556}") = "ConnectQl.Tools", "ConnectQl.Tools\ConnectQl.Tools.csproj", "{9D47A2AD-1D5E-4780-BF86-6DAA924352A9}"
EndProject
Project("{9A19103F-16F7-4668-BE54-9A1E7A4F7556}") = "ConnectQl.Tools.AssemblyLoader", "ConnectQl.Tools.AssemblyLoader\ConnectQl.Tools.AssemblyLoader.csproj", "{98A930B7-1A10-4C8D-88CF-E620BF421902}"
EndProject
Project("{9A19103F-16F7-4668-BE54-9A1E7A4F7556}") = "ConnectQl.Tools.ItemTemplate", "ConnectQl.Tools.ItemTemplate\ConnectQl.Tools.ItemTemplate.csproj", "{DEA2AA6B-3E62-4909-BA85-498C7FEF07C4}"
EndProject
Project("{2150E333-8FDC-42A3-9474-1A3956D46DE8}") = "Samples", "Samples", "{61674303-473A-4C5A-83D2-6F0C9157B8CB}"
EndProject
Project("{9A19103F-16F7-4668-BE54-9A1E7A4F7556}") = "ConnectQl.Sample.NetCore", "ConnectQl.Sample.NetCore\ConnectQl.Sample.NetCore.csproj", "{4A05E1D8-B98E-4888-A248-785245B5E2C6}"
EndProject
Project("{9A19103F-16F7-4668-BE54-9A1E7A4F7556}") = "ConnectQl.Sample.Net461", "ConnectQl.Sample.Net461\ConnectQl.Sample.Net461.csproj", "{F7AA26AE-B2BC-4D21-B3F0-A64FCFC1A75C}"
EndProject
Project("{9A19103F-16F7-4668-BE54-9A1E7A4F7556}") = "ConnectQl.Crm", "ConnectQl.Crm\ConnectQl.Crm.csproj", "{272200B7-E76E-4D82-9C21-EF174C9F4A88}"
EndProject
Project("{9A19103F-16F7-4668-BE54-9A1E7A4F7556}") = "ConnectQl.Logger.Console", "ConnectQl.Logger.Console\ConnectQl.Logger.Console.csproj", "{5C12E592-A82F-4B63-9793-B38886241231}"
EndProject
Project("{D954291E-2A0B-460D-934E-DC6B0785DB48}") = "ConnectQl.Shared", "ConnectQl.Shared\ConnectQl.Shared.shproj", "{B95C77E7-6B6E-4861-87A0-1B5BD8A52E0C}"
EndProject
Project("{9A19103F-16F7-4668-BE54-9A1E7A4F7556}") = "ConnectQl.Excel.Tests", "ConnectQl.Excel.Tests\ConnectQl.Excel.Tests.csproj", "{4877D676-F10E-4DA3-9D40-29593C728C83}"
EndProject
Global
	GlobalSection(SharedMSBuildProjectFiles) = preSolution
		ConnectQl.Shared\ConnectQl.Shared.projitems*{b95c77e7-6b6e-4861-87a0-1b5bd8a52e0c}*SharedItemsImports = 13
	EndGlobalSection
	GlobalSection(SolutionConfigurationPlatforms) = preSolution
		Debug|Any CPU = Debug|Any CPU
		Release|Any CPU = Release|Any CPU
	EndGlobalSection
	GlobalSection(ProjectConfigurationPlatforms) = postSolution
		{7A245E0E-267D-4115-9A4B-A08C651AFEA5}.Debug|Any CPU.ActiveCfg = Debug|Any CPU
		{7A245E0E-267D-4115-9A4B-A08C651AFEA5}.Debug|Any CPU.Build.0 = Debug|Any CPU
		{7A245E0E-267D-4115-9A4B-A08C651AFEA5}.Release|Any CPU.ActiveCfg = Release|Any CPU
		{7A245E0E-267D-4115-9A4B-A08C651AFEA5}.Release|Any CPU.Build.0 = Release|Any CPU
		{37172183-EE9C-41E6-B165-BE9DFB8FEBF6}.Debug|Any CPU.ActiveCfg = Debug|Any CPU
		{37172183-EE9C-41E6-B165-BE9DFB8FEBF6}.Debug|Any CPU.Build.0 = Debug|Any CPU
		{37172183-EE9C-41E6-B165-BE9DFB8FEBF6}.Release|Any CPU.ActiveCfg = Release|Any CPU
		{37172183-EE9C-41E6-B165-BE9DFB8FEBF6}.Release|Any CPU.Build.0 = Release|Any CPU
		{1D2A0D73-7FF7-4213-8B26-42E858371BAA}.Debug|Any CPU.ActiveCfg = Debug|Any CPU
		{1D2A0D73-7FF7-4213-8B26-42E858371BAA}.Debug|Any CPU.Build.0 = Debug|Any CPU
		{1D2A0D73-7FF7-4213-8B26-42E858371BAA}.Release|Any CPU.ActiveCfg = Release|Any CPU
		{1D2A0D73-7FF7-4213-8B26-42E858371BAA}.Release|Any CPU.Build.0 = Release|Any CPU
		{980B8259-20F0-402D-893B-2EB4B17C69DF}.Debug|Any CPU.ActiveCfg = Debug|Any CPU
		{980B8259-20F0-402D-893B-2EB4B17C69DF}.Debug|Any CPU.Build.0 = Debug|Any CPU
		{980B8259-20F0-402D-893B-2EB4B17C69DF}.Release|Any CPU.ActiveCfg = Release|Any CPU
		{980B8259-20F0-402D-893B-2EB4B17C69DF}.Release|Any CPU.Build.0 = Release|Any CPU
		{7EE7037D-0E96-48A9-90F2-6D4F6105E59E}.Debug|Any CPU.ActiveCfg = Debug|Any CPU
		{7EE7037D-0E96-48A9-90F2-6D4F6105E59E}.Debug|Any CPU.Build.0 = Debug|Any CPU
		{7EE7037D-0E96-48A9-90F2-6D4F6105E59E}.Release|Any CPU.ActiveCfg = Release|Any CPU
		{7EE7037D-0E96-48A9-90F2-6D4F6105E59E}.Release|Any CPU.Build.0 = Release|Any CPU
		{9015CDFA-88B2-4746-B190-229528AC5645}.Debug|Any CPU.ActiveCfg = Debug|Any CPU
		{9015CDFA-88B2-4746-B190-229528AC5645}.Debug|Any CPU.Build.0 = Debug|Any CPU
		{9015CDFA-88B2-4746-B190-229528AC5645}.Release|Any CPU.ActiveCfg = Release|Any CPU
		{9015CDFA-88B2-4746-B190-229528AC5645}.Release|Any CPU.Build.0 = Release|Any CPU
		{20D52E81-07C1-4B10-96D0-1C95171DFEC0}.Debug|Any CPU.ActiveCfg = Debug|Any CPU
		{20D52E81-07C1-4B10-96D0-1C95171DFEC0}.Debug|Any CPU.Build.0 = Debug|Any CPU
		{20D52E81-07C1-4B10-96D0-1C95171DFEC0}.Release|Any CPU.ActiveCfg = Release|Any CPU
		{20D52E81-07C1-4B10-96D0-1C95171DFEC0}.Release|Any CPU.Build.0 = Release|Any CPU
		{9D47A2AD-1D5E-4780-BF86-6DAA924352A9}.Debug|Any CPU.ActiveCfg = Debug|Any CPU
		{9D47A2AD-1D5E-4780-BF86-6DAA924352A9}.Debug|Any CPU.Build.0 = Debug|Any CPU
		{9D47A2AD-1D5E-4780-BF86-6DAA924352A9}.Release|Any CPU.ActiveCfg = Release|Any CPU
		{9D47A2AD-1D5E-4780-BF86-6DAA924352A9}.Release|Any CPU.Build.0 = Release|Any CPU
		{98A930B7-1A10-4C8D-88CF-E620BF421902}.Debug|Any CPU.ActiveCfg = Debug|Any CPU
		{98A930B7-1A10-4C8D-88CF-E620BF421902}.Debug|Any CPU.Build.0 = Debug|Any CPU
		{98A930B7-1A10-4C8D-88CF-E620BF421902}.Release|Any CPU.ActiveCfg = Release|Any CPU
		{98A930B7-1A10-4C8D-88CF-E620BF421902}.Release|Any CPU.Build.0 = Release|Any CPU
		{DEA2AA6B-3E62-4909-BA85-498C7FEF07C4}.Debug|Any CPU.ActiveCfg = Debug|Any CPU
		{DEA2AA6B-3E62-4909-BA85-498C7FEF07C4}.Debug|Any CPU.Build.0 = Debug|Any CPU
		{DEA2AA6B-3E62-4909-BA85-498C7FEF07C4}.Release|Any CPU.ActiveCfg = Release|Any CPU
		{DEA2AA6B-3E62-4909-BA85-498C7FEF07C4}.Release|Any CPU.Build.0 = Release|Any CPU
		{4A05E1D8-B98E-4888-A248-785245B5E2C6}.Debug|Any CPU.ActiveCfg = Debug|Any CPU
		{4A05E1D8-B98E-4888-A248-785245B5E2C6}.Debug|Any CPU.Build.0 = Debug|Any CPU
		{4A05E1D8-B98E-4888-A248-785245B5E2C6}.Release|Any CPU.ActiveCfg = Release|Any CPU
		{4A05E1D8-B98E-4888-A248-785245B5E2C6}.Release|Any CPU.Build.0 = Release|Any CPU
		{F7AA26AE-B2BC-4D21-B3F0-A64FCFC1A75C}.Debug|Any CPU.ActiveCfg = Debug|Any CPU
		{F7AA26AE-B2BC-4D21-B3F0-A64FCFC1A75C}.Debug|Any CPU.Build.0 = Debug|Any CPU
		{F7AA26AE-B2BC-4D21-B3F0-A64FCFC1A75C}.Release|Any CPU.ActiveCfg = Release|Any CPU
		{F7AA26AE-B2BC-4D21-B3F0-A64FCFC1A75C}.Release|Any CPU.Build.0 = Release|Any CPU
		{272200B7-E76E-4D82-9C21-EF174C9F4A88}.Debug|Any CPU.ActiveCfg = Debug|Any CPU
		{272200B7-E76E-4D82-9C21-EF174C9F4A88}.Debug|Any CPU.Build.0 = Debug|Any CPU
		{272200B7-E76E-4D82-9C21-EF174C9F4A88}.Release|Any CPU.ActiveCfg = Release|Any CPU
		{272200B7-E76E-4D82-9C21-EF174C9F4A88}.Release|Any CPU.Build.0 = Release|Any CPU
		{5C12E592-A82F-4B63-9793-B38886241231}.Debug|Any CPU.ActiveCfg = Debug|Any CPU
		{5C12E592-A82F-4B63-9793-B38886241231}.Debug|Any CPU.Build.0 = Debug|Any CPU
		{5C12E592-A82F-4B63-9793-B38886241231}.Release|Any CPU.ActiveCfg = Release|Any CPU
		{5C12E592-A82F-4B63-9793-B38886241231}.Release|Any CPU.Build.0 = Release|Any CPU
		{4877D676-F10E-4DA3-9D40-29593C728C83}.Debug|Any CPU.ActiveCfg = Debug|Any CPU
		{4877D676-F10E-4DA3-9D40-29593C728C83}.Debug|Any CPU.Build.0 = Debug|Any CPU
		{4877D676-F10E-4DA3-9D40-29593C728C83}.Release|Any CPU.ActiveCfg = Release|Any CPU
		{4877D676-F10E-4DA3-9D40-29593C728C83}.Release|Any CPU.Build.0 = Release|Any CPU
	EndGlobalSection
	GlobalSection(SolutionProperties) = preSolution
		HideSolutionNode = FALSE
	EndGlobalSection
	GlobalSection(NestedProjects) = preSolution
		{7A245E0E-267D-4115-9A4B-A08C651AFEA5} = {7F768DA1-C780-4AEC-9E7B-451AED1901FD}
		{37172183-EE9C-41E6-B165-BE9DFB8FEBF6} = {9886DE0E-C3F7-46E6-A335-A56C95AAE0E9}
		{1D2A0D73-7FF7-4213-8B26-42E858371BAA} = {99F0D03C-293D-466B-A4AA-A6586ED7CE49}
		{980B8259-20F0-402D-893B-2EB4B17C69DF} = {99F0D03C-293D-466B-A4AA-A6586ED7CE49}
		{7EE7037D-0E96-48A9-90F2-6D4F6105E59E} = {99F0D03C-293D-466B-A4AA-A6586ED7CE49}
		{9015CDFA-88B2-4746-B190-229528AC5645} = {FD0DC86B-D190-4632-BCB8-749437D7B48C}
		{20D52E81-07C1-4B10-96D0-1C95171DFEC0} = {9886DE0E-C3F7-46E6-A335-A56C95AAE0E9}
		{9D47A2AD-1D5E-4780-BF86-6DAA924352A9} = {A475CC76-E742-4CC6-9CBB-4BAD5492C064}
		{98A930B7-1A10-4C8D-88CF-E620BF421902} = {A475CC76-E742-4CC6-9CBB-4BAD5492C064}
		{DEA2AA6B-3E62-4909-BA85-498C7FEF07C4} = {A475CC76-E742-4CC6-9CBB-4BAD5492C064}
		{4A05E1D8-B98E-4888-A248-785245B5E2C6} = {61674303-473A-4C5A-83D2-6F0C9157B8CB}
		{F7AA26AE-B2BC-4D21-B3F0-A64FCFC1A75C} = {61674303-473A-4C5A-83D2-6F0C9157B8CB}
		{272200B7-E76E-4D82-9C21-EF174C9F4A88} = {99F0D03C-293D-466B-A4AA-A6586ED7CE49}
		{5C12E592-A82F-4B63-9793-B38886241231} = {99F0D03C-293D-466B-A4AA-A6586ED7CE49}
		{B95C77E7-6B6E-4861-87A0-1B5BD8A52E0C} = {FD0DC86B-D190-4632-BCB8-749437D7B48C}
		{4877D676-F10E-4DA3-9D40-29593C728C83} = {9886DE0E-C3F7-46E6-A335-A56C95AAE0E9}
	EndGlobalSection
	GlobalSection(ExtensibilityGlobals) = postSolution
		SolutionGuid = {96CB5CB7-2BD6-4A82-80BE-43958461705E}
	EndGlobalSection
EndGlobal
