
Microsoft Visual Studio Solution File, Format Version 12.00
# Visual Studio 15
VisualStudioVersion = 15.0.26430.16
MinimumVisualStudioVersion = 10.0.40219.1
Project("{9A19103F-16F7-4668-BE54-9A1E7A4F7556}") = "ConnectQl", "ConnectQl\ConnectQl.csproj", "{7A245E0E-267D-4115-9A4B-A08C651AFEA5}"
EndProject
Project("{2150E333-8FDC-42A3-9474-1A3956D46DE8}") = "Solution Items", "Solution Items", "{DD93BAB1-431A-42E3-9285-F0C44CC78783}"
	ProjectSection(SolutionItems) = preProject
		..\appveyor.yml = ..\appveyor.yml
		ConnectQl.Defaults.targets = ConnectQl.Defaults.targets
		stylecop.json = stylecop.json
	EndProjectSection
EndProject
Project("{9A19103F-16F7-4668-BE54-9A1E7A4F7556}") = "ConnectQl.Tests", "ConnectQl.Tests\ConnectQl.Tests.csproj", "{37172183-EE9C-41E6-B165-BE9DFB8FEBF6}"
EndProject
Project("{2150E333-8FDC-42A3-9474-1A3956D46DE8}") = "Plugins", "Plugins", "{99F0D03C-293D-466B-A4AA-A6586ED7CE49}"
EndProject
Project("{FAE04EC0-301F-11D3-BF4B-00C04F79EFBC}") = "ConnectQl.Azure", "ConnectQl.Azure\ConnectQl.Azure.csproj", "{1D2A0D73-7FF7-4213-8B26-42E858371BAA}"
EndProject
Global
	GlobalSection(SolutionConfigurationPlatforms) = preSolution
		Debug|Any CPU = Debug|Any CPU
		Release|Any CPU = Release|Any CPU
	EndGlobalSection
	GlobalSection(ProjectConfigurationPlatforms) = postSolution
		{7A245E0E-267D-4115-9A4B-A08C651AFEA5}.Debug|Any CPU.ActiveCfg = Debug|Any CPU
		{7A245E0E-267D-4115-9A4B-A08C651AFEA5}.Debug|Any CPU.Build.0 = Debug|Any CPU
		{7A245E0E-267D-4115-9A4B-A08C651AFEA5}.Release|Any CPU.ActiveCfg = Release|Any CPU
		{7A245E0E-267D-4115-9A4B-A08C651AFEA5}.Release|Any CPU.Build.0 = Release|Any CPU
		{37172183-EE9C-41E6-B165-BE9DFB8FEBF6}.Debug|Any CPU.ActiveCfg = Debug|Any CPU
		{37172183-EE9C-41E6-B165-BE9DFB8FEBF6}.Debug|Any CPU.Build.0 = Debug|Any CPU
		{37172183-EE9C-41E6-B165-BE9DFB8FEBF6}.Release|Any CPU.ActiveCfg = Release|Any CPU
		{37172183-EE9C-41E6-B165-BE9DFB8FEBF6}.Release|Any CPU.Build.0 = Release|Any CPU
		{1D2A0D73-7FF7-4213-8B26-42E858371BAA}.Debug|Any CPU.ActiveCfg = Debug|Any CPU
		{1D2A0D73-7FF7-4213-8B26-42E858371BAA}.Debug|Any CPU.Build.0 = Debug|Any CPU
		{1D2A0D73-7FF7-4213-8B26-42E858371BAA}.Release|Any CPU.ActiveCfg = Release|Any CPU
		{1D2A0D73-7FF7-4213-8B26-42E858371BAA}.Release|Any CPU.Build.0 = Release|Any CPU
	EndGlobalSection
	GlobalSection(SolutionProperties) = preSolution
		HideSolutionNode = FALSE
	EndGlobalSection
	GlobalSection(NestedProjects) = preSolution
		{1D2A0D73-7FF7-4213-8B26-42E858371BAA} = {99F0D03C-293D-466B-A4AA-A6586ED7CE49}
	EndGlobalSection
EndGlobal
