
Microsoft Visual Studio Solution File, Format Version 12.00
# Visual Studio 15
VisualStudioVersion = 15.0.26430.16
MinimumVisualStudioVersion = 10.0.40219.1
Project("{9A19103F-16F7-4668-BE54-9A1E7A4F7556}") = "ConnectQl", "ConnectQl\ConnectQl.csproj", "{7A245E0E-267D-4115-9A4B-A08C651AFEA5}"
EndProject
Project("{2150E333-8FDC-42A3-9474-1A3956D46DE8}") = "ConnectQl Solution Items", "ConnectQl Solution Items", "{DD93BAB1-431A-42E3-9285-F0C44CC78783}"
	ProjectSection(SolutionItems) = preProject
		..\appveyor.yml = ..\appveyor.yml
		ConnectQl.Defaults.targets = ConnectQl.Defaults.targets
		..\ConnectQl.png = ..\ConnectQl.png
		..\ps\GetChangesSinceLastBuild.ps1 = ..\ps\GetChangesSinceLastBuild.ps1
		stylecop.json = stylecop.json
	EndProjectSection
EndProject
Project("{9A19103F-16F7-4668-BE54-9A1E7A4F7556}") = "ConnectQl.Tests", "ConnectQl.Tests\ConnectQl.Tests.csproj", "{37172183-EE9C-41E6-B165-BE9DFB8FEBF6}"
EndProject
Project("{2150E333-8FDC-42A3-9474-1A3956D46DE8}") = "Plugins", "Plugins", "{99F0D03C-293D-466B-A4AA-A6586ED7CE49}"
EndProject
Project("{9A19103F-16F7-4668-BE54-9A1E7A4F7556}") = "ConnectQl.Azure", "ConnectQl.Azure\ConnectQl.Azure.csproj", "{1D2A0D73-7FF7-4213-8B26-42E858371BAA}"
EndProject
Project("{9A19103F-16F7-4668-BE54-9A1E7A4F7556}") = "ConnectQl.Platform", "ConnectQl.Platform\ConnectQl.Platform.csproj", "{980B8259-20F0-402D-893B-2EB4B17C69DF}"
EndProject
Project("{9A19103F-16F7-4668-BE54-9A1E7A4F7556}") = "ConnectQl.Excel", "ConnectQl.Excel\ConnectQl.Excel.csproj", "{7EE7037D-0E96-48A9-90F2-6D4F6105E59E}"
EndProject
Project("{9A19103F-16F7-4668-BE54-9A1E7A4F7556}") = "ConnectQl.Utilities", "ConnectQl.Utilities\ConnectQl.Utilities.csproj", "{9015CDFA-88B2-4746-B190-229528AC5645}"
EndProject
Project("{2150E333-8FDC-42A3-9474-1A3956D46DE8}") = "Shared", "Shared", "{FD0DC86B-D190-4632-BCB8-749437D7B48C}"
EndProject
Project("{2150E333-8FDC-42A3-9474-1A3956D46DE8}") = "Tests", "Tests", "{9886DE0E-C3F7-46E6-A335-A56C95AAE0E9}"
EndProject
Project("{2150E333-8FDC-42A3-9474-1A3956D46DE8}") = "Library", "Library", "{7F768DA1-C780-4AEC-9E7B-451AED1901FD}"
EndProject
Project("{9A19103F-16F7-4668-BE54-9A1E7A4F7556}") = "ConnectQl.Utilities.Tests", "ConnectQl.Utilities.Tests\ConnectQl.Utilities.Tests.csproj", "{20D52E81-07C1-4B10-96D0-1C95171DFEC0}"
EndProject
Project("{2150E333-8FDC-42A3-9474-1A3956D46DE8}") = "Vsix", "Vsix", "{A475CC76-E742-4CC6-9CBB-4BAD5492C064}"
EndProject
Project("{9A19103F-16F7-4668-BE54-9A1E7A4F7556}") = "ConnectQl.Tools", "ConnectQl.Tools\ConnectQl.Tools.csproj", "{9D47A2AD-1D5E-4780-BF86-6DAA924352A9}"
EndProject
Project("{9A19103F-16F7-4668-BE54-9A1E7A4F7556}") = "ConnectQl.Tools.AssemblyLoader", "ConnectQl.Tools.AssemblyLoader\ConnectQl.Tools.AssemblyLoader.csproj", "{98A930B7-1A10-4C8D-88CF-E620BF421902}"
EndProject
Project("{FAE04EC0-301F-11D3-BF4B-00C04F79EFBC}") = "ConnectQl.Tools.ItemTemplate", "ConnectQl.Tools.ItemTemplate\ConnectQl.Tools.ItemTemplate.csproj", "{DEA2AA6B-3E62-4909-BA85-498C7FEF07C4}"
EndProject
Global
	GlobalSection(SolutionConfigurationPlatforms) = preSolution
		Debug|Any CPU = Debug|Any CPU
		Release|Any CPU = Release|Any CPU
	EndGlobalSection
	GlobalSection(ProjectConfigurationPlatforms) = postSolution
		{7A245E0E-267D-4115-9A4B-A08C651AFEA5}.Debug|Any CPU.ActiveCfg = Debug|Any CPU
		{7A245E0E-267D-4115-9A4B-A08C651AFEA5}.Debug|Any CPU.Build.0 = Debug|Any CPU
		{7A245E0E-267D-4115-9A4B-A08C651AFEA5}.Release|Any CPU.ActiveCfg = Release|Any CPU
		{7A245E0E-267D-4115-9A4B-A08C651AFEA5}.Release|Any CPU.Build.0 = Release|Any CPU
		{37172183-EE9C-41E6-B165-BE9DFB8FEBF6}.Debug|Any CPU.ActiveCfg = Debug|Any CPU
		{37172183-EE9C-41E6-B165-BE9DFB8FEBF6}.Debug|Any CPU.Build.0 = Debug|Any CPU
		{37172183-EE9C-41E6-B165-BE9DFB8FEBF6}.Release|Any CPU.ActiveCfg = Release|Any CPU
		{37172183-EE9C-41E6-B165-BE9DFB8FEBF6}.Release|Any CPU.Build.0 = Release|Any CPU
		{1D2A0D73-7FF7-4213-8B26-42E858371BAA}.Debug|Any CPU.ActiveCfg = Debug|Any CPU
		{1D2A0D73-7FF7-4213-8B26-42E858371BAA}.Debug|Any CPU.Build.0 = Debug|Any CPU
		{1D2A0D73-7FF7-4213-8B26-42E858371BAA}.Release|Any CPU.ActiveCfg = Release|Any CPU
		{1D2A0D73-7FF7-4213-8B26-42E858371BAA}.Release|Any CPU.Build.0 = Release|Any CPU
		{980B8259-20F0-402D-893B-2EB4B17C69DF}.Debug|Any CPU.ActiveCfg = Debug|Any CPU
		{980B8259-20F0-402D-893B-2EB4B17C69DF}.Debug|Any CPU.Build.0 = Debug|Any CPU
		{980B8259-20F0-402D-893B-2EB4B17C69DF}.Release|Any CPU.ActiveCfg = Release|Any CPU
		{980B8259-20F0-402D-893B-2EB4B17C69DF}.Release|Any CPU.Build.0 = Release|Any CPU
		{7EE7037D-0E96-48A9-90F2-6D4F6105E59E}.Debug|Any CPU.ActiveCfg = Debug|Any CPU
		{7EE7037D-0E96-48A9-90F2-6D4F6105E59E}.Debug|Any CPU.Build.0 = Debug|Any CPU
		{7EE7037D-0E96-48A9-90F2-6D4F6105E59E}.Release|Any CPU.ActiveCfg = Release|Any CPU
		{7EE7037D-0E96-48A9-90F2-6D4F6105E59E}.Release|Any CPU.Build.0 = Release|Any CPU
		{9015CDFA-88B2-4746-B190-229528AC5645}.Debug|Any CPU.ActiveCfg = Debug|Any CPU
		{9015CDFA-88B2-4746-B190-229528AC5645}.Debug|Any CPU.Build.0 = Debug|Any CPU
		{9015CDFA-88B2-4746-B190-229528AC5645}.Release|Any CPU.ActiveCfg = Release|Any CPU
		{9015CDFA-88B2-4746-B190-229528AC5645}.Release|Any CPU.Build.0 = Release|Any CPU
		{20D52E81-07C1-4B10-96D0-1C95171DFEC0}.Debug|Any CPU.ActiveCfg = Debug|Any CPU
		{20D52E81-07C1-4B10-96D0-1C95171DFEC0}.Debug|Any CPU.Build.0 = Debug|Any CPU
		{20D52E81-07C1-4B10-96D0-1C95171DFEC0}.Release|Any CPU.ActiveCfg = Release|Any CPU
		{20D52E81-07C1-4B10-96D0-1C95171DFEC0}.Release|Any CPU.Build.0 = Release|Any CPU
		{9D47A2AD-1D5E-4780-BF86-6DAA924352A9}.Debug|Any CPU.ActiveCfg = Debug|Any CPU
		{9D47A2AD-1D5E-4780-BF86-6DAA924352A9}.Debug|Any CPU.Build.0 = Debug|Any CPU
		{9D47A2AD-1D5E-4780-BF86-6DAA924352A9}.Release|Any CPU.ActiveCfg = Release|Any CPU
		{9D47A2AD-1D5E-4780-BF86-6DAA924352A9}.Release|Any CPU.Build.0 = Release|Any CPU
		{98A930B7-1A10-4C8D-88CF-E620BF421902}.Debug|Any CPU.ActiveCfg = Debug|Any CPU
		{98A930B7-1A10-4C8D-88CF-E620BF421902}.Debug|Any CPU.Build.0 = Debug|Any CPU
		{98A930B7-1A10-4C8D-88CF-E620BF421902}.Release|Any CPU.ActiveCfg = Release|Any CPU
		{98A930B7-1A10-4C8D-88CF-E620BF421902}.Release|Any CPU.Build.0 = Release|Any CPU
		{DEA2AA6B-3E62-4909-BA85-498C7FEF07C4}.Debug|Any CPU.ActiveCfg = Debug|Any CPU
		{DEA2AA6B-3E62-4909-BA85-498C7FEF07C4}.Debug|Any CPU.Build.0 = Debug|Any CPU
		{DEA2AA6B-3E62-4909-BA85-498C7FEF07C4}.Release|Any CPU.ActiveCfg = Release|Any CPU
		{DEA2AA6B-3E62-4909-BA85-498C7FEF07C4}.Release|Any CPU.Build.0 = Release|Any CPU
	EndGlobalSection
	GlobalSection(SolutionProperties) = preSolution
		HideSolutionNode = FALSE
	EndGlobalSection
	GlobalSection(NestedProjects) = preSolution
		{7A245E0E-267D-4115-9A4B-A08C651AFEA5} = {7F768DA1-C780-4AEC-9E7B-451AED1901FD}
		{37172183-EE9C-41E6-B165-BE9DFB8FEBF6} = {9886DE0E-C3F7-46E6-A335-A56C95AAE0E9}
		{1D2A0D73-7FF7-4213-8B26-42E858371BAA} = {99F0D03C-293D-466B-A4AA-A6586ED7CE49}
		{980B8259-20F0-402D-893B-2EB4B17C69DF} = {99F0D03C-293D-466B-A4AA-A6586ED7CE49}
		{7EE7037D-0E96-48A9-90F2-6D4F6105E59E} = {99F0D03C-293D-466B-A4AA-A6586ED7CE49}
		{9015CDFA-88B2-4746-B190-229528AC5645} = {FD0DC86B-D190-4632-BCB8-749437D7B48C}
		{20D52E81-07C1-4B10-96D0-1C95171DFEC0} = {9886DE0E-C3F7-46E6-A335-A56C95AAE0E9}
		{9D47A2AD-1D5E-4780-BF86-6DAA924352A9} = {A475CC76-E742-4CC6-9CBB-4BAD5492C064}
		{98A930B7-1A10-4C8D-88CF-E620BF421902} = {A475CC76-E742-4CC6-9CBB-4BAD5492C064}
		{DEA2AA6B-3E62-4909-BA85-498C7FEF07C4} = {A475CC76-E742-4CC6-9CBB-4BAD5492C064}
	EndGlobalSection
EndGlobal
